
Microsoft Visual Studio Solution File, Format Version 12.00
# Visual Studio Version 16
VisualStudioVersion = 16.0.31729.503
MinimumVisualStudioVersion = 10.0.40219.1
Project("{FAE04EC0-301F-11D3-BF4B-00C04F79EFBC}") = "HW8_21", "HW8_21\HW8_21.csproj", "{34B2597A-83F8-43A9-B0BE-18B9825FA526}"
EndProject
Global
	GlobalSection(SolutionConfigurationPlatforms) = preSolution
		Debug|Any CPU = Debug|Any CPU
		Release|Any CPU = Release|Any CPU
	EndGlobalSection
	GlobalSection(ProjectConfigurationPlatforms) = postSolution
		{34B2597A-83F8-43A9-B0BE-18B9825FA526}.Debug|Any CPU.ActiveCfg = Debug|Any CPU
		{34B2597A-83F8-43A9-B0BE-18B9825FA526}.Debug|Any CPU.Build.0 = Debug|Any CPU
		{34B2597A-83F8-43A9-B0BE-18B9825FA526}.Release|Any CPU.ActiveCfg = Release|Any CPU
		{34B2597A-83F8-43A9-B0BE-18B9825FA526}.Release|Any CPU.Build.0 = Release|Any CPU
	EndGlobalSection
	GlobalSection(SolutionProperties) = preSolution
		HideSolutionNode = FALSE
	EndGlobalSection
	GlobalSection(ExtensibilityGlobals) = postSolution
		SolutionGuid = {CACB853E-F2F8-4D67-9902-C7E74BB597A8}
	EndGlobalSection
EndGlobal
